
Microsoft Visual Studio Solution File, Format Version 12.00
# Visual Studio Version 17
VisualStudioVersion = 17.2.32519.379
MinimumVisualStudioVersion = 10.0.40219.1
Project("{9A19103F-16F7-4668-BE54-9A1E7A4F7556}") = "Interation6", "Interation6.csproj", "{522A9A77-2A00-4DA5-BE94-9E302397BE91}"
EndProject
Global
	GlobalSection(SolutionConfigurationPlatforms) = preSolution
		Debug|Any CPU = Debug|Any CPU
		Release|Any CPU = Release|Any CPU
	EndGlobalSection
	GlobalSection(ProjectConfigurationPlatforms) = postSolution
		{522A9A77-2A00-4DA5-BE94-9E302397BE91}.Debug|Any CPU.ActiveCfg = Debug|Any CPU
		{522A9A77-2A00-4DA5-BE94-9E302397BE91}.Debug|Any CPU.Build.0 = Debug|Any CPU
		{522A9A77-2A00-4DA5-BE94-9E302397BE91}.Release|Any CPU.ActiveCfg = Release|Any CPU
		{522A9A77-2A00-4DA5-BE94-9E302397BE91}.Release|Any CPU.Build.0 = Release|Any CPU
	EndGlobalSection
	GlobalSection(SolutionProperties) = preSolution
		HideSolutionNode = FALSE
	EndGlobalSection
	GlobalSection(ExtensibilityGlobals) = postSolution
		SolutionGuid = {EFA3636C-509A-4AF3-AFA8-91924710461A}
	EndGlobalSection
EndGlobal
