
Microsoft Visual Studio Solution File, Format Version 12.00
# Visual Studio Version 17
VisualStudioVersion = 17.2.32519.379
MinimumVisualStudioVersion = 10.0.40219.1
Project("{9A19103F-16F7-4668-BE54-9A1E7A4F7556}") = "Test_Identify", "Test_Identify\Test_Identify.csproj", "{7B46FF4D-F859-4900-AE23-AE656A1F0AA2}"
EndProject
Project("{9A19103F-16F7-4668-BE54-9A1E7A4F7556}") = "Swin_Adventure", "..\Swin_Adventure\Swin_Adventure.csproj", "{0FF437CD-AD32-4394-A389-90CCFFE5BAF9}"
EndProject
Global
	GlobalSection(SolutionConfigurationPlatforms) = preSolution
		Debug|Any CPU = Debug|Any CPU
		Release|Any CPU = Release|Any CPU
	EndGlobalSection
	GlobalSection(ProjectConfigurationPlatforms) = postSolution
		{7B46FF4D-F859-4900-AE23-AE656A1F0AA2}.Debug|Any CPU.ActiveCfg = Debug|Any CPU
		{7B46FF4D-F859-4900-AE23-AE656A1F0AA2}.Debug|Any CPU.Build.0 = Debug|Any CPU
		{7B46FF4D-F859-4900-AE23-AE656A1F0AA2}.Release|Any CPU.ActiveCfg = Release|Any CPU
		{7B46FF4D-F859-4900-AE23-AE656A1F0AA2}.Release|Any CPU.Build.0 = Release|Any CPU
		{0FF437CD-AD32-4394-A389-90CCFFE5BAF9}.Debug|Any CPU.ActiveCfg = Debug|Any CPU
		{0FF437CD-AD32-4394-A389-90CCFFE5BAF9}.Debug|Any CPU.Build.0 = Debug|Any CPU
		{0FF437CD-AD32-4394-A389-90CCFFE5BAF9}.Release|Any CPU.ActiveCfg = Release|Any CPU
		{0FF437CD-AD32-4394-A389-90CCFFE5BAF9}.Release|Any CPU.Build.0 = Release|Any CPU
	EndGlobalSection
	GlobalSection(SolutionProperties) = preSolution
		HideSolutionNode = FALSE
	EndGlobalSection
	GlobalSection(ExtensibilityGlobals) = postSolution
		SolutionGuid = {CF850C23-A705-4B42-92DD-CABF535E3C9D}
	EndGlobalSection
EndGlobal
