
Microsoft Visual Studio Solution File, Format Version 12.00
# Visual Studio Version 17
VisualStudioVersion = 17.2.32519.379
MinimumVisualStudioVersion = 10.0.40219.1
Project("{FAE04EC0-301F-11D3-BF4B-00C04F79EFBC}") = "Test_Interation4", "Test_Interation4\Test_Interation4.csproj", "{9751A95F-4D65-4343-98D0-DE32B72FAEA7}"
EndProject
Project("{9A19103F-16F7-4668-BE54-9A1E7A4F7556}") = "Swin_Adventure", "..\..\4.2P\Swin_Adventure\Swin_Adventure.csproj", "{C8EFBA00-818F-4FD6-8AD7-EA2B59B9CBC5}"
EndProject
Global
	GlobalSection(SolutionConfigurationPlatforms) = preSolution
		Debug|Any CPU = Debug|Any CPU
		Release|Any CPU = Release|Any CPU
	EndGlobalSection
	GlobalSection(ProjectConfigurationPlatforms) = postSolution
		{9751A95F-4D65-4343-98D0-DE32B72FAEA7}.Debug|Any CPU.ActiveCfg = Debug|Any CPU
		{9751A95F-4D65-4343-98D0-DE32B72FAEA7}.Debug|Any CPU.Build.0 = Debug|Any CPU
		{9751A95F-4D65-4343-98D0-DE32B72FAEA7}.Release|Any CPU.ActiveCfg = Release|Any CPU
		{9751A95F-4D65-4343-98D0-DE32B72FAEA7}.Release|Any CPU.Build.0 = Release|Any CPU
		{C8EFBA00-818F-4FD6-8AD7-EA2B59B9CBC5}.Debug|Any CPU.ActiveCfg = Debug|Any CPU
		{C8EFBA00-818F-4FD6-8AD7-EA2B59B9CBC5}.Debug|Any CPU.Build.0 = Debug|Any CPU
		{C8EFBA00-818F-4FD6-8AD7-EA2B59B9CBC5}.Release|Any CPU.ActiveCfg = Release|Any CPU
		{C8EFBA00-818F-4FD6-8AD7-EA2B59B9CBC5}.Release|Any CPU.Build.0 = Release|Any CPU
	EndGlobalSection
	GlobalSection(SolutionProperties) = preSolution
		HideSolutionNode = FALSE
	EndGlobalSection
	GlobalSection(ExtensibilityGlobals) = postSolution
		SolutionGuid = {1782B1C1-3661-4AD6-938A-D8FBA8ACD54C}
	EndGlobalSection
EndGlobal
